
Microsoft Visual Studio Solution File, Format Version 12.00
# Visual Studio Version 17
VisualStudioVersion = 17.7.34202.233
MinimumVisualStudioVersion = 10.0.40219.1
Project("{9A19103F-16F7-4668-BE54-9A1E7A4F7556}") = "WebSiteRestaurant", "WebSiteRestaurant\WebSiteRestaurant.csproj", "{757ED468-B32D-4539-A43C-B042A4DE66D7}"
EndProject
Global
	GlobalSection(SolutionConfigurationPlatforms) = preSolution
		Debug|Any CPU = Debug|Any CPU
		Release|Any CPU = Release|Any CPU
	EndGlobalSection
	GlobalSection(ProjectConfigurationPlatforms) = postSolution
		{757ED468-B32D-4539-A43C-B042A4DE66D7}.Debug|Any CPU.ActiveCfg = Debug|Any CPU
		{757ED468-B32D-4539-A43C-B042A4DE66D7}.Debug|Any CPU.Build.0 = Debug|Any CPU
		{757ED468-B32D-4539-A43C-B042A4DE66D7}.Release|Any CPU.ActiveCfg = Release|Any CPU
		{757ED468-B32D-4539-A43C-B042A4DE66D7}.Release|Any CPU.Build.0 = Release|Any CPU
	EndGlobalSection
	GlobalSection(SolutionProperties) = preSolution
		HideSolutionNode = FALSE
	EndGlobalSection
	GlobalSection(ExtensibilityGlobals) = postSolution
		SolutionGuid = {AEF65A87-BF37-4BB5-BBC3-8E8F60C1A20A}
	EndGlobalSection
EndGlobal
